{
  "object": {
    "pins": [
      {
        "package": "Promises",
        "repositoryURL": "https://github.com/khanlou/Promise",
        "state": {
          "branch": null,
          "revision": "7de01494163478adb1aa83740914a4ca29059169",
          "version": "2.0.4"
        }
      }
    ]
  },
  "version": 1
}
